<?xml version="1.0" encoding="utf-8"?>
<Project ToolsVersion="4.0" xmlns="http://schemas.microsoft.com/developer/msbuild/2003">
  <ItemGroup>
    <Filter Include="Source Files">
      <UniqueIdentifier>{4FC737F1-C7A5-4376-A066-2A32D752A2FF}</UniqueIdentifier>
      <Extensions>cpp;c;cc;cxx;def;odl;idl;hpj;bat;asm;asmx</Extensions>
    </Filter>
    <Filter Include="Header Files">
      <UniqueIdentifier>{93995380-89BD-4b04-88EB-625FBE52EBFB}</UniqueIdentifier>
      <Extensions>h;hh;hpp;hxx;hm;inl;inc;xsd</Extensions>
    </Filter>
    <Filter Include="Resource Files">
      <UniqueIdentifier>{67DA6AB6-F800-4c08-8B7A-83BB121AAD01}</UniqueIdentifier>
      <Extensions>rc;ico;cur;bmp;dlg;rc2;rct;bin;rgs;gif;jpg;jpeg;jpe;resx;tiff;tif;png;wav;mfcribbon-ms</Extensions>
    </Filter>
    <Filter Include="Source Files\core">
      <UniqueIdentifier>{8f12c1a0-6134-470e-99ed-73e09583243e}</UniqueIdentifier>
    </Filter>
    <Filter Include="Source Files\event">
      <UniqueIdentifier>{b21ad43e-7360-4d3d-a085-fcd7e094d82d}</UniqueIdentifier>
    </Filter>
    <Filter Include="Source Files\event\modules">
      <UniqueIdentifier>{ec8deea3-44eb-48f6-bcd2-0524749656a5}</UniqueIdentifier>
    </Filter>
    <Filter Include="Source Files\http">
      <UniqueIdentifier>{52faeb66-ff6d-4ed7-a26d-6a6ad2660751}</UniqueIdentifier>
    </Filter>
    <Filter Include="Source Files\http\modules">
      <UniqueIdentifier>{ee7f5583-d159-4c06-a444-c334c870ca5e}</UniqueIdentifier>
    </Filter>
    <Filter Include="Source Files\os">
      <UniqueIdentifier>{f4e2532d-eb58-4b13-8967-429a8c159c05}</UniqueIdentifier>
    </Filter>
    <Filter Include="Source Files\os\win32">
      <UniqueIdentifier>{23f63285-d154-48d7-926d-53a41fab67c1}</UniqueIdentifier>
    </Filter>
  </ItemGroup>
  <ItemGroup>
    <ClCompile Include="src\core\nginx.c">
      <Filter>Source Files\core</Filter>
    </ClCompile>
    <ClCompile Include="src\core\ngx_array.c">
      <Filter>Source Files\core</Filter>
    </ClCompile>
    <ClCompile Include="src\core\ngx_buf.c">
      <Filter>Source Files\core</Filter>
    </ClCompile>
    <ClCompile Include="src\core\ngx_conf_file.c">
      <Filter>Source Files\core</Filter>
    </ClCompile>
    <ClCompile Include="src\core\ngx_connection.c">
      <Filter>Source Files\core</Filter>
    </ClCompile>
    <ClCompile Include="src\core\ngx_cpuinfo.c">
      <Filter>Source Files\core</Filter>
    </ClCompile>
    <ClCompile Include="src\core\ngx_crc32.c">
      <Filter>Source Files\core</Filter>
    </ClCompile>
    <ClCompile Include="src\core\ngx_crypt.c">
      <Filter>Source Files\core</Filter>
    </ClCompile>
    <ClCompile Include="src\core\ngx_cycle.c">
      <Filter>Source Files\core</Filter>
    </ClCompile>
    <ClCompile Include="src\core\ngx_file.c">
      <Filter>Source Files\core</Filter>
    </ClCompile>
    <ClCompile Include="src\core\ngx_hash.c">
      <Filter>Source Files\core</Filter>
    </ClCompile>
    <ClCompile Include="src\core\ngx_inet.c">
      <Filter>Source Files\core</Filter>
    </ClCompile>
    <ClCompile Include="src\core\ngx_list.c">
      <Filter>Source Files\core</Filter>
    </ClCompile>
    <ClCompile Include="src\core\ngx_log.c">
      <Filter>Source Files\core</Filter>
    </ClCompile>
    <ClCompile Include="src\core\ngx_md5.c">
      <Filter>Source Files\core</Filter>
    </ClCompile>
    <ClCompile Include="src\core\ngx_murmurhash.c">
      <Filter>Source Files\core</Filter>
    </ClCompile>
    <ClCompile Include="src\core\ngx_open_file_cache.c">
      <Filter>Source Files\core</Filter>
    </ClCompile>
    <ClCompile Include="src\core\ngx_output_chain.c">
      <Filter>Source Files\core</Filter>
    </ClCompile>
    <ClCompile Include="src\core\ngx_palloc.c">
      <Filter>Source Files\core</Filter>
    </ClCompile>
    <ClCompile Include="src\core\ngx_parse.c">
      <Filter>Source Files\core</Filter>
    </ClCompile>
    <ClCompile Include="src\core\ngx_parse_time.c">
      <Filter>Source Files\core</Filter>
    </ClCompile>
    <ClCompile Include="src\core\ngx_proxy_protocol.c">
      <Filter>Source Files\core</Filter>
    </ClCompile>
    <ClCompile Include="src\core\ngx_queue.c">
      <Filter>Source Files\core</Filter>
    </ClCompile>
    <ClCompile Include="src\core\ngx_radix_tree.c">
      <Filter>Source Files\core</Filter>
    </ClCompile>
    <ClCompile Include="src\core\ngx_rbtree.c">
      <Filter>Source Files\core</Filter>
    </ClCompile>
    <ClCompile Include="src\core\ngx_regex.c">
      <Filter>Source Files\core</Filter>
    </ClCompile>
    <ClCompile Include="src\core\ngx_resolver.c">
      <Filter>Source Files\core</Filter>
    </ClCompile>
    <ClCompile Include="src\core\ngx_rwlock.c">
      <Filter>Source Files\core</Filter>
    </ClCompile>
    <ClCompile Include="src\core\ngx_shmtx.c">
      <Filter>Source Files\core</Filter>
    </ClCompile>
    <ClCompile Include="src\core\ngx_slab.c">
      <Filter>Source Files\core</Filter>
    </ClCompile>
    <ClCompile Include="src\core\ngx_spinlock.c">
      <Filter>Source Files\core</Filter>
    </ClCompile>
    <ClCompile Include="src\core\ngx_string.c">
      <Filter>Source Files\core</Filter>
    </ClCompile>
    <ClCompile Include="src\core\ngx_syslog.c">
      <Filter>Source Files\core</Filter>
    </ClCompile>
    <ClCompile Include="src\core\ngx_times.c">
      <Filter>Source Files\core</Filter>
    </ClCompile>
    <ClCompile Include="..\nginx_original\src\event\modules\ngx_iocp_module.c">
      <Filter>Source Files\event\modules</Filter>
    </ClCompile>
    <ClCompile Include="..\nginx_original\src\event\modules\ngx_win32_select_module.c">
      <Filter>Source Files\event\modules</Filter>
    </ClCompile>
    <ClCompile Include="..\nginx_original\src\event\ngx_event_pipe.c">
      <Filter>Source Files\event</Filter>
    </ClCompile>
    <ClCompile Include="..\nginx_original\src\event\ngx_event_posted.c">
      <Filter>Source Files\event</Filter>
    </ClCompile>
    <ClCompile Include="..\nginx_original\src\event\ngx_event_timer.c">
      <Filter>Source Files\event</Filter>
    </ClCompile>
    <ClCompile Include="..\nginx_original\src\event\ngx_event.c">
      <Filter>Source Files\event</Filter>
    </ClCompile>
    <ClCompile Include="..\nginx_original\src\event\ngx_event_accept.c">
      <Filter>Source Files\event</Filter>
    </ClCompile>
    <ClCompile Include="..\nginx_original\src\event\ngx_event_connect.c">
      <Filter>Source Files\event</Filter>
    </ClCompile>
    <ClCompile Include="..\nginx_original\src\http\ngx_http_copy_filter_module.c">
      <Filter>Source Files\http</Filter>
    </ClCompile>
    <ClCompile Include="..\nginx_original\src\http\ngx_http_core_module.c">
      <Filter>Source Files\http</Filter>
    </ClCompile>
    <ClCompile Include="..\nginx_original\src\http\ngx_http_file_cache.c">
      <Filter>Source Files\http</Filter>
    </ClCompile>
    <ClCompile Include="..\nginx_original\src\http\ngx_http_header_filter_module.c">
      <Filter>Source Files\http</Filter>
    </ClCompile>
    <ClCompile Include="..\nginx_original\src\http\ngx_http_parse.c">
      <Filter>Source Files\http</Filter>
    </ClCompile>
    <ClCompile Include="..\nginx_original\src\http\ngx_http_postpone_filter_module.c">
      <Filter>Source Files\http</Filter>
    </ClCompile>
    <ClCompile Include="..\nginx_original\src\http\ngx_http_request.c">
      <Filter>Source Files\http</Filter>
    </ClCompile>
    <ClCompile Include="..\nginx_original\src\http\ngx_http_request_body.c">
      <Filter>Source Files\http</Filter>
    </ClCompile>
    <ClCompile Include="..\nginx_original\src\http\ngx_http_script.c">
      <Filter>Source Files\http</Filter>
    </ClCompile>
    <ClCompile Include="..\nginx_original\src\http\ngx_http_special_response.c">
      <Filter>Source Files\http</Filter>
    </ClCompile>
    <ClCompile Include="..\nginx_original\src\http\ngx_http_upstream.c">
      <Filter>Source Files\http</Filter>
    </ClCompile>
    <ClCompile Include="..\nginx_original\src\http\ngx_http_upstream_round_robin.c">
      <Filter>Source Files\http</Filter>
    </ClCompile>
    <ClCompile Include="..\nginx_original\src\http\ngx_http_variables.c">
      <Filter>Source Files\http</Filter>
    </ClCompile>
    <ClCompile Include="..\nginx_original\src\http\ngx_http_write_filter_module.c">
      <Filter>Source Files\http</Filter>
    </ClCompile>
    <ClCompile Include="..\nginx_original\src\http\ngx_http.c">
      <Filter>Source Files\http</Filter>
    </ClCompile>
    <ClCompile Include="src\http\modules\ngx_http_access_module.c">
      <Filter>Source Files\http\modules</Filter>
    </ClCompile>
    <ClCompile Include="src\http\modules\ngx_http_autoindex_module.c">
      <Filter>Source Files\http\modules</Filter>
    </ClCompile>
    <ClCompile Include="src\http\modules\ngx_http_browser_module.c">
      <Filter>Source Files\http\modules</Filter>
    </ClCompile>
    <ClCompile Include="src\http\modules\ngx_http_charset_filter_module.c">
      <Filter>Source Files\http\modules</Filter>
    </ClCompile>
    <ClCompile Include="src\http\modules\ngx_http_chunked_filter_module.c">
      <Filter>Source Files\http\modules</Filter>
    </ClCompile>
    <ClCompile Include="src\http\modules\ngx_http_empty_gif_module.c">
      <Filter>Source Files\http\modules</Filter>
    </ClCompile>
    <ClCompile Include="src\http\modules\ngx_http_fastcgi_module.c">
      <Filter>Source Files\http\modules</Filter>
    </ClCompile>
    <ClCompile Include="src\http\modules\ngx_http_gunzip_filter_module.c">
      <Filter>Source Files\http\modules</Filter>
    </ClCompile>
    <ClCompile Include="src\http\modules\ngx_http_gzip_filter_module.c">
      <Filter>Source Files\http\modules</Filter>
    </ClCompile>
    <ClCompile Include="src\http\modules\ngx_http_gzip_static_module.c">
      <Filter>Source Files\http\modules</Filter>
    </ClCompile>
    <ClCompile Include="src\http\modules\ngx_http_headers_filter_module.c">
      <Filter>Source Files\http\modules</Filter>
    </ClCompile>
    <ClCompile Include="src\http\modules\ngx_http_index_module.c">
      <Filter>Source Files\http\modules</Filter>
    </ClCompile>
    <ClCompile Include="src\http\modules\ngx_http_limit_conn_module.c">
      <Filter>Source Files\http\modules</Filter>
    </ClCompile>
    <ClCompile Include="src\http\modules\ngx_http_limit_req_module.c">
      <Filter>Source Files\http\modules</Filter>
    </ClCompile>
    <ClCompile Include="src\http\modules\ngx_http_log_module.c">
      <Filter>Source Files\http\modules</Filter>
    </ClCompile>
    <ClCompile Include="src\http\modules\ngx_http_map_module.c">
      <Filter>Source Files\http\modules</Filter>
    </ClCompile>
    <ClCompile Include="src\http\modules\ngx_http_not_modified_filter_module.c">
      <Filter>Source Files\http\modules</Filter>
    </ClCompile>
    <ClCompile Include="src\http\modules\ngx_http_proxy_module.c">
      <Filter>Source Files\http\modules</Filter>
    </ClCompile>
    <ClCompile Include="src\http\modules\ngx_http_random_index_module.c">
      <Filter>Source Files\http\modules</Filter>
    </ClCompile>
    <ClCompile Include="src\http\modules\ngx_http_range_filter_module.c">
      <Filter>Source Files\http\modules</Filter>
    </ClCompile>
    <ClCompile Include="src\http\modules\ngx_http_referer_module.c">
      <Filter>Source Files\http\modules</Filter>
    </ClCompile>
    <ClCompile Include="src\http\modules\ngx_http_rewrite_module.c">
      <Filter>Source Files\http\modules</Filter>
    </ClCompile>
    <ClCompile Include="src\http\modules\ngx_http_scgi_module.c">
      <Filter>Source Files\http\modules</Filter>
    </ClCompile>
    <ClCompile Include="src\http\modules\ngx_http_split_clients_module.c">
      <Filter>Source Files\http\modules</Filter>
    </ClCompile>
    <ClCompile Include="src\http\modules\ngx_http_ssi_filter_module.c">
      <Filter>Source Files\http\modules</Filter>
    </ClCompile>
    <ClCompile Include="src\http\modules\ngx_http_static_module.c">
      <Filter>Source Files\http\modules</Filter>
    </ClCompile>
    <ClCompile Include="src\http\modules\ngx_http_sub_filter_module.c">
      <Filter>Source Files\http\modules</Filter>
    </ClCompile>
    <ClCompile Include="src\http\modules\ngx_http_upstream_hash_module.c">
      <Filter>Source Files\http\modules</Filter>
    </ClCompile>
    <ClCompile Include="src\http\modules\ngx_http_upstream_ip_hash_module.c">
      <Filter>Source Files\http\modules</Filter>
    </ClCompile>
    <ClCompile Include="src\http\modules\ngx_http_upstream_keepalive_module.c">
      <Filter>Source Files\http\modules</Filter>
    </ClCompile>
    <ClCompile Include="src\http\modules\ngx_http_upstream_least_conn_module.c">
      <Filter>Source Files\http\modules</Filter>
    </ClCompile>
    <ClCompile Include="src\http\modules\ngx_http_upstream_zone_module.c">
      <Filter>Source Files\http\modules</Filter>
    </ClCompile>
    <ClCompile Include="src\http\modules\ngx_http_userid_filter_module.c">
      <Filter>Source Files\http\modules</Filter>
    </ClCompile>
    <ClCompile Include="src\http\modules\ngx_http_uwsgi_module.c">
      <Filter>Source Files\http\modules</Filter>
    </ClCompile>
    <ClCompile Include="src\http\modules\ngx_http_auth_basic_module.c">
      <Filter>Source Files\http\modules</Filter>
    </ClCompile>
    <ClCompile Include="src\event\ngx_event_acceptex.c">
      <Filter>Source Files\event</Filter>
    </ClCompile>
    <ClCompile Include="src\os\win32\ngx_alloc.c">
      <Filter>Source Files\os\win32</Filter>
    </ClCompile>
    <ClCompile Include="src\os\win32\ngx_errno.c">
      <Filter>Source Files\os\win32</Filter>
    </ClCompile>
    <ClCompile Include="src\os\win32\ngx_event_log.c">
      <Filter>Source Files\os\win32</Filter>
    </ClCompile>
    <ClCompile Include="src\os\win32\ngx_files.c">
      <Filter>Source Files\os\win32</Filter>
    </ClCompile>
    <ClCompile Include="src\os\win32\ngx_process.c">
      <Filter>Source Files\os\win32</Filter>
    </ClCompile>
    <ClCompile Include="src\os\win32\ngx_process_cycle.c">
      <Filter>Source Files\os\win32</Filter>
    </ClCompile>
    <ClCompile Include="src\os\win32\ngx_shmem.c">
      <Filter>Source Files\os\win32</Filter>
    </ClCompile>
    <ClCompile Include="src\os\win32\ngx_socket.c">
      <Filter>Source Files\os\win32</Filter>
    </ClCompile>
    <ClCompile Include="src\os\win32\ngx_stat.c">
      <Filter>Source Files\os\win32</Filter>
    </ClCompile>
    <ClCompile Include="src\os\win32\ngx_thread.c">
      <Filter>Source Files\os\win32</Filter>
    </ClCompile>
    <ClCompile Include="src\os\win32\ngx_time.c">
      <Filter>Source Files\os\win32</Filter>
    </ClCompile>
    <ClCompile Include="src\os\win32\ngx_udp_wsarecv.c">
      <Filter>Source Files\os\win32</Filter>
    </ClCompile>
    <ClCompile Include="src\os\win32\ngx_user.c">
      <Filter>Source Files\os\win32</Filter>
    </ClCompile>
    <ClCompile Include="src\os\win32\ngx_win32_init.c">
      <Filter>Source Files\os\win32</Filter>
    </ClCompile>
    <ClCompile Include="src\os\win32\ngx_wsarecv.c">
      <Filter>Source Files\os\win32</Filter>
    </ClCompile>
    <ClCompile Include="src\os\win32\ngx_wsarecv_chain.c">
      <Filter>Source Files\os\win32</Filter>
    </ClCompile>
    <ClCompile Include="src\os\win32\ngx_wsasend.c">
      <Filter>Source Files\os\win32</Filter>
    </ClCompile>
    <ClCompile Include="src\os\win32\ngx_wsasend_chain.c">
      <Filter>Source Files\os\win32</Filter>
    </ClCompile>
    <ClCompile Include="src\http\modules\ngx_http_geo_module.c">
      <Filter>Source Files\http\modules</Filter>
    </ClCompile>
    <ClCompile Include="src\http\modules\ngx_http_memcached_module.c">
      <Filter>Source Files\http\modules</Filter>
    </ClCompile>
    <ClCompile Include="config\ngx_modules.c">
      <Filter>Source Files</Filter>
    </ClCompile>
    <ClCompile Include="config\ngx_pch.c">
      <Filter>Source Files</Filter>
    </ClCompile>
  </ItemGroup>
</Project>